// !$*UTF8*$!
{
	archiveVersion = 1;
	classes = {
	};
	objectVersion = 55;
	objects = {

/* Begin PBXBuildFile section */
		5F35E52E27C5594B00A44C71 /* AppDelegate.swift in Sources */ = {isa = PBXBuildFile; fileRef = 5F35E52D27C5594B00A44C71 /* AppDelegate.swift */; };
		5F35E53027C5594B00A44C71 /* SceneDelegate.swift in Sources */ = {isa = PBXBuildFile; fileRef = 5F35E52F27C5594B00A44C71 /* SceneDelegate.swift */; };
		5F35E53527C5594B00A44C71 /* Main.storyboard in Resources */ = {isa = PBXBuildFile; fileRef = 5F35E53327C5594B00A44C71 /* Main.storyboard */; };
		5F35E53727C5594D00A44C71 /* Assets.xcassets in Resources */ = {isa = PBXBuildFile; fileRef = 5F35E53627C5594D00A44C71 /* Assets.xcassets */; };
		5F35E53A27C5594D00A44C71 /* LaunchScreen.storyboard in Resources */ = {isa = PBXBuildFile; fileRef = 5F35E53827C5594D00A44C71 /* LaunchScreen.storyboard */; };
		5F35E54227C659FF00A44C71 /* RickAndMorty.swift in Sources */ = {isa = PBXBuildFile; fileRef = 5F35E54127C659FF00A44C71 /* RickAndMorty.swift */; };
		5F35E54927C65B3900A44C71 /* NetworkManager.swift in Sources */ = {isa = PBXBuildFile; fileRef = 5F35E54827C65B3900A44C71 /* NetworkManager.swift */; };
		5F35E54C27C936A500A44C71 /* Constants.swift in Sources */ = {isa = PBXBuildFile; fileRef = 5F35E54B27C936A500A44C71 /* Constants.swift */; };
		5F35E54E27C93A9D00A44C71 /* CharacterTableViewController.swift in Sources */ = {isa = PBXBuildFile; fileRef = 5F35E54D27C93A9D00A44C71 /* CharacterTableViewController.swift */; };
		5F35E55027D9390300A44C71 /* CharacterDetailsViewController.swift in Sources */ = {isa = PBXBuildFile; fileRef = 5F35E54F27D9390300A44C71 /* CharacterDetailsViewController.swift */; };
		5F35E55227D9397400A44C71 /* EpisodesViewController.swift in Sources */ = {isa = PBXBuildFile; fileRef = 5F35E55127D9397400A44C71 /* EpisodesViewController.swift */; };
		5F35E55427D9398500A44C71 /* EpisodeDetailsViewController.swift in Sources */ = {isa = PBXBuildFile; fileRef = 5F35E55327D9398500A44C71 /* EpisodeDetailsViewController.swift */; };
		5F35E55627DD10F800A44C71 /* TableViewCell.swift in Sources */ = {isa = PBXBuildFile; fileRef = 5F35E55527DD10F800A44C71 /* TableViewCell.swift */; };
		5F35E55927DE347800A44C71 /* CharacterImageView.swift in Sources */ = {isa = PBXBuildFile; fileRef = 5F35E55827DE347800A44C71 /* CharacterImageView.swift */; };
/* End PBXBuildFile section */

/* Begin PBXFileReference section */
		5F35E52A27C5594B00A44C71 /* RickAndMorty.app */ = {isa = PBXFileReference; explicitFileType = wrapper.application; includeInIndex = 0; path = RickAndMorty.app; sourceTree = BUILT_PRODUCTS_DIR; };
		5F35E52D27C5594B00A44C71 /* AppDelegate.swift */ = {isa = PBXFileReference; lastKnownFileType = sourcecode.swift; path = AppDelegate.swift; sourceTree = "<group>"; };
		5F35E52F27C5594B00A44C71 /* SceneDelegate.swift */ = {isa = PBXFileReference; lastKnownFileType = sourcecode.swift; path = SceneDelegate.swift; sourceTree = "<group>"; };
		5F35E53427C5594B00A44C71 /* Base */ = {isa = PBXFileReference; lastKnownFileType = file.storyboard; name = Base; path = Base.lproj/Main.storyboard; sourceTree = "<group>"; };
		5F35E53627C5594D00A44C71 /* Assets.xcassets */ = {isa = PBXFileReference; lastKnownFileType = folder.assetcatalog; path = Assets.xcassets; sourceTree = "<group>"; };
		5F35E53927C5594D00A44C71 /* Base */ = {isa = PBXFileReference; lastKnownFileType = file.storyboard; name = Base; path = Base.lproj/LaunchScreen.storyboard; sourceTree = "<group>"; };
		5F35E53B27C5594D00A44C71 /* Info.plist */ = {isa = PBXFileReference; lastKnownFileType = text.plist.xml; path = Info.plist; sourceTree = "<group>"; };
		5F35E54127C659FF00A44C71 /* RickAndMorty.swift */ = {isa = PBXFileReference; lastKnownFileType = sourcecode.swift; path = RickAndMorty.swift; sourceTree = "<group>"; };
		5F35E54827C65B3900A44C71 /* NetworkManager.swift */ = {isa = PBXFileReference; lastKnownFileType = sourcecode.swift; path = NetworkManager.swift; sourceTree = "<group>"; };
		5F35E54B27C936A500A44C71 /* Constants.swift */ = {isa = PBXFileReference; lastKnownFileType = sourcecode.swift; path = Constants.swift; sourceTree = "<group>"; };
		5F35E54D27C93A9D00A44C71 /* CharacterTableViewController.swift */ = {isa = PBXFileReference; lastKnownFileType = sourcecode.swift; path = CharacterTableViewController.swift; sourceTree = "<group>"; };
		5F35E54F27D9390300A44C71 /* CharacterDetailsViewController.swift */ = {isa = PBXFileReference; lastKnownFileType = sourcecode.swift; path = CharacterDetailsViewController.swift; sourceTree = "<group>"; };
		5F35E55127D9397400A44C71 /* EpisodesViewController.swift */ = {isa = PBXFileReference; lastKnownFileType = sourcecode.swift; path = EpisodesViewController.swift; sourceTree = "<group>"; };
		5F35E55327D9398500A44C71 /* EpisodeDetailsViewController.swift */ = {isa = PBXFileReference; lastKnownFileType = sourcecode.swift; path = EpisodeDetailsViewController.swift; sourceTree = "<group>"; };
		5F35E55527DD10F800A44C71 /* TableViewCell.swift */ = {isa = PBXFileReference; lastKnownFileType = sourcecode.swift; path = TableViewCell.swift; sourceTree = "<group>"; };
		5F35E55827DE347800A44C71 /* CharacterImageView.swift */ = {isa = PBXFileReference; lastKnownFileType = sourcecode.swift; path = CharacterImageView.swift; sourceTree = "<group>"; };
/* End PBXFileReference section */

/* Begin PBXFrameworksBuildPhase section */
		5F35E52727C5594B00A44C71 /* Frameworks */ = {
			isa = PBXFrameworksBuildPhase;
			buildActionMask = 2147483647;
			files = (
			);
			runOnlyForDeploymentPostprocessing = 0;
		};
/* End PBXFrameworksBuildPhase section */

/* Begin PBXGroup section */
		5F35E52127C5594B00A44C71 = {
			isa = PBXGroup;
			children = (
				5F35E52C27C5594B00A44C71 /* RickAndMorty */,
				5F35E52B27C5594B00A44C71 /* Products */,
			);
			sourceTree = "<group>";
		};
		5F35E52B27C5594B00A44C71 /* Products */ = {
			isa = PBXGroup;
			children = (
				5F35E52A27C5594B00A44C71 /* RickAndMorty.app */,
			);
			name = Products;
			sourceTree = "<group>";
		};
		5F35E52C27C5594B00A44C71 /* RickAndMorty */ = {
			isa = PBXGroup;
			children = (
				5F35E54327C65A0A00A44C71 /* Models */,
				5F35E54527C65A5A00A44C71 /* ViewControllers */,
				5F35E54627C65ABB00A44C71 /* Storyboards */,
				5F35E55727DD110300A44C71 /* Views */,
				5F35E54727C65AD400A44C71 /* Source */,
				5F35E54427C65A2E00A44C71 /* SupportingFiles */,
				5F35E54A27C65B4100A44C71 /* Services */,
			);
			path = RickAndMorty;
			sourceTree = "<group>";
		};
		5F35E54327C65A0A00A44C71 /* Models */ = {
			isa = PBXGroup;
			children = (
				5F35E54127C659FF00A44C71 /* RickAndMorty.swift */,
			);
			path = Models;
			sourceTree = "<group>";
		};
		5F35E54427C65A2E00A44C71 /* SupportingFiles */ = {
			isa = PBXGroup;
			children = (
				5F35E52D27C5594B00A44C71 /* AppDelegate.swift */,
				5F35E52F27C5594B00A44C71 /* SceneDelegate.swift */,
				5F35E53B27C5594D00A44C71 /* Info.plist */,
				5F35E54B27C936A500A44C71 /* Constants.swift */,
			);
			path = SupportingFiles;
			sourceTree = "<group>";
		};
		5F35E54527C65A5A00A44C71 /* ViewControllers */ = {
			isa = PBXGroup;
			children = (
				5F35E54D27C93A9D00A44C71 /* CharacterTableViewController.swift */,
				5F35E54F27D9390300A44C71 /* CharacterDetailsViewController.swift */,
				5F35E55127D9397400A44C71 /* EpisodesViewController.swift */,
				5F35E55327D9398500A44C71 /* EpisodeDetailsViewController.swift */,
			);
			path = ViewControllers;
			sourceTree = "<group>";
		};
		5F35E54627C65ABB00A44C71 /* Storyboards */ = {
			isa = PBXGroup;
			children = (
				5F35E53327C5594B00A44C71 /* Main.storyboard */,
				5F35E53827C5594D00A44C71 /* LaunchScreen.storyboard */,
			);
			path = Storyboards;
			sourceTree = "<group>";
		};
		5F35E54727C65AD400A44C71 /* Source */ = {
			isa = PBXGroup;
			children = (
				5F35E53627C5594D00A44C71 /* Assets.xcassets */,
			);
			path = Source;
			sourceTree = "<group>";
		};
		5F35E54A27C65B4100A44C71 /* Services */ = {
			isa = PBXGroup;
			children = (
				5F35E54827C65B3900A44C71 /* NetworkManager.swift */,
			);
			path = Services;
			sourceTree = "<group>";
		};
		5F35E55727DD110300A44C71 /* Views */ = {
			isa = PBXGroup;
			children = (
				5F35E55527DD10F800A44C71 /* TableViewCell.swift */,
				5F35E55827DE347800A44C71 /* CharacterImageView.swift */,
			);
			path = Views;
			sourceTree = "<group>";
		};
/* End PBXGroup section */

/* Begin PBXNativeTarget section */
		5F35E52927C5594B00A44C71 /* RickAndMorty */ = {
			isa = PBXNativeTarget;
			buildConfigurationList = 5F35E53E27C5594D00A44C71 /* Build configuration list for PBXNativeTarget "RickAndMorty" */;
			buildPhases = (
				5F35E52627C5594B00A44C71 /* Sources */,
				5F35E52727C5594B00A44C71 /* Frameworks */,
				5F35E52827C5594B00A44C71 /* Resources */,
			);
			buildRules = (
			);
			dependencies = (
			);
			name = RickAndMorty;
			productName = RickAndMorty;
			productReference = 5F35E52A27C5594B00A44C71 /* RickAndMorty.app */;
			productType = "com.apple.product-type.application";
		};
/* End PBXNativeTarget section */

/* Begin PBXProject section */
		5F35E52227C5594B00A44C71 /* Project object */ = {
			isa = PBXProject;
			attributes = {
				BuildIndependentTargetsInParallel = 1;
				LastSwiftUpdateCheck = 1320;
				LastUpgradeCheck = 1320;
				TargetAttributes = {
					5F35E52927C5594B00A44C71 = {
						CreatedOnToolsVersion = 13.2.1;
					};
				};
			};
			buildConfigurationList = 5F35E52527C5594B00A44C71 /* Build configuration list for PBXProject "RickAndMorty" */;
			compatibilityVersion = "Xcode 13.0";
			developmentRegion = en;
			hasScannedForEncodings = 0;
			knownRegions = (
				en,
				Base,
			);
			mainGroup = 5F35E52127C5594B00A44C71;
			productRefGroup = 5F35E52B27C5594B00A44C71 /* Products */;
			projectDirPath = "";
			projectRoot = "";
			targets = (
				5F35E52927C5594B00A44C71 /* RickAndMorty */,
			);
		};
/* End PBXProject section */

/* Begin PBXResourcesBuildPhase section */
		5F35E52827C5594B00A44C71 /* Resources */ = {
			isa = PBXResourcesBuildPhase;
			buildActionMask = 2147483647;
			files = (
				5F35E53A27C5594D00A44C71 /* LaunchScreen.storyboard in Resources */,
				5F35E53727C5594D00A44C71 /* Assets.xcassets in Resources */,
				5F35E53527C5594B00A44C71 /* Main.storyboard in Resources */,
			);
			runOnlyForDeploymentPostprocessing = 0;
		};
/* End PBXResourcesBuildPhase section */

/* Begin PBXSourcesBuildPhase section */
		5F35E52627C5594B00A44C71 /* Sources */ = {
			isa = PBXSourcesBuildPhase;
			buildActionMask = 2147483647;
			files = (
				5F35E55027D9390300A44C71 /* CharacterDetailsViewController.swift in Sources */,
				5F35E54227C659FF00A44C71 /* RickAndMorty.swift in Sources */,
				5F35E55227D9397400A44C71 /* EpisodesViewController.swift in Sources */,
				5F35E54E27C93A9D00A44C71 /* CharacterTableViewController.swift in Sources */,
				5F35E55927DE347800A44C71 /* CharacterImageView.swift in Sources */,
				5F35E54927C65B3900A44C71 /* NetworkManager.swift in Sources */,
				5F35E55627DD10F800A44C71 /* TableViewCell.swift in Sources */,
				5F35E55427D9398500A44C71 /* EpisodeDetailsViewController.swift in Sources */,
				5F35E52E27C5594B00A44C71 /* AppDelegate.swift in Sources */,
				5F35E53027C5594B00A44C71 /* SceneDelegate.swift in Sources */,
				5F35E54C27C936A500A44C71 /* Constants.swift in Sources */,
			);
			runOnlyForDeploymentPostprocessing = 0;
		};
/* End PBXSourcesBuildPhase section */

/* Begin PBXVariantGroup section */
		5F35E53327C5594B00A44C71 /* Main.storyboard */ = {
			isa = PBXVariantGroup;
			children = (
				5F35E53427C5594B00A44C71 /* Base */,
			);
			name = Main.storyboard;
			sourceTree = "<group>";
		};
		5F35E53827C5594D00A44C71 /* LaunchScreen.storyboard */ = {
			isa = PBXVariantGroup;
			children = (
				5F35E53927C5594D00A44C71 /* Base */,
			);
			name = LaunchScreen.storyboard;
			sourceTree = "<group>";
		};
/* End PBXVariantGroup section */

/* Begin XCBuildConfiguration section */
		5F35E53C27C5594D00A44C71 /* Debug */ = {
			isa = XCBuildConfiguration;
			buildSettings = {
				ALWAYS_SEARCH_USER_PATHS = NO;
				CLANG_ANALYZER_NONNULL = YES;
				CLANG_ANALYZER_NUMBER_OBJECT_CONVERSION = YES_AGGRESSIVE;
				CLANG_CXX_LANGUAGE_STANDARD = "gnu++17";
				CLANG_CXX_LIBRARY = "libc++";
				CLANG_ENABLE_MODULES = YES;
				CLANG_ENABLE_OBJC_ARC = YES;
				CLANG_ENABLE_OBJC_WEAK = YES;
				CLANG_WARN_BLOCK_CAPTURE_AUTORELEASING = YES;
				CLANG_WARN_BOOL_CONVERSION = YES;
				CLANG_WARN_COMMA = YES;
				CLANG_WARN_CONSTANT_CONVERSION = YES;
				CLANG_WARN_DEPRECATED_OBJC_IMPLEMENTATIONS = YES;
				CLANG_WARN_DIRECT_OBJC_ISA_USAGE = YES_ERROR;
				CLANG_WARN_DOCUMENTATION_COMMENTS = YES;
				CLANG_WARN_EMPTY_BODY = YES;
				CLANG_WARN_ENUM_CONVERSION = YES;
				CLANG_WARN_INFINITE_RECURSION = YES;
				CLANG_WARN_INT_CONVERSION = YES;
				CLANG_WARN_NON_LITERAL_NULL_CONVERSION = YES;
				CLANG_WARN_OBJC_IMPLICIT_RETAIN_SELF = YES;
				CLANG_WARN_OBJC_LITERAL_CONVERSION = YES;
				CLANG_WARN_OBJC_ROOT_CLASS = YES_ERROR;
				CLANG_WARN_QUOTED_INCLUDE_IN_FRAMEWORK_HEADER = YES;
				CLANG_WARN_RANGE_LOOP_ANALYSIS = YES;
				CLANG_WARN_STRICT_PROTOTYPES = YES;
				CLANG_WARN_SUSPICIOUS_MOVE = YES;
				CLANG_WARN_UNGUARDED_AVAILABILITY = YES_AGGRESSIVE;
				CLANG_WARN_UNREACHABLE_CODE = YES;
				CLANG_WARN__DUPLICATE_METHOD_MATCH = YES;
				COPY_PHASE_STRIP = NO;
				DEBUG_INFORMATION_FORMAT = dwarf;
				ENABLE_STRICT_OBJC_MSGSEND = YES;
				ENABLE_TESTABILITY = YES;
				GCC_C_LANGUAGE_STANDARD = gnu11;
				GCC_DYNAMIC_NO_PIC = NO;
				GCC_NO_COMMON_BLOCKS = YES;
				GCC_OPTIMIZATION_LEVEL = 0;
				GCC_PREPROCESSOR_DEFINITIONS = (
					"DEBUG=1",
					"$(inherited)",
				);
				GCC_WARN_64_TO_32_BIT_CONVERSION = YES;
				GCC_WARN_ABOUT_RETURN_TYPE = YES_ERROR;
				GCC_WARN_UNDECLARED_SELECTOR = YES;
				GCC_WARN_UNINITIALIZED_AUTOS = YES_AGGRESSIVE;
				GCC_WARN_UNUSED_FUNCTION = YES;
				GCC_WARN_UNUSED_VARIABLE = YES;
				IPHONEOS_DEPLOYMENT_TARGET = 15.2;
				MTL_ENABLE_DEBUG_INFO = INCLUDE_SOURCE;
				MTL_FAST_MATH = YES;
				ONLY_ACTIVE_ARCH = YES;
				SDKROOT = iphoneos;
				SWIFT_ACTIVE_COMPILATION_CONDITIONS = DEBUG;
				SWIFT_OPTIMIZATION_LEVEL = "-Onone";
			};
			name = Debug;
		};
		5F35E53D27C5594D00A44C71 /* Release */ = {
			isa = XCBuildConfiguration;
			buildSettings = {
				ALWAYS_SEARCH_USER_PATHS = NO;
				CLANG_ANALYZER_NONNULL = YES;
				CLANG_ANALYZER_NUMBER_OBJECT_CONVERSION = YES_AGGRESSIVE;
				CLANG_CXX_LANGUAGE_STANDARD = "gnu++17";
				CLANG_CXX_LIBRARY = "libc++";
				CLANG_ENABLE_MODULES = YES;
				CLANG_ENABLE_OBJC_ARC = YES;
				CLANG_ENABLE_OBJC_WEAK = YES;
				CLANG_WARN_BLOCK_CAPTURE_AUTORELEASING = YES;
				CLANG_WARN_BOOL_CONVERSION = YES;
				CLANG_WARN_COMMA = YES;
				CLANG_WARN_CONSTANT_CONVERSION = YES;
				CLANG_WARN_DEPRECATED_OBJC_IMPLEMENTATIONS = YES;
				CLANG_WARN_DIRECT_OBJC_ISA_USAGE = YES_ERROR;
				CLANG_WARN_DOCUMENTATION_COMMENTS = YES;
				CLANG_WARN_EMPTY_BODY = YES;
				CLANG_WARN_ENUM_CONVERSION = YES;
				CLANG_WARN_INFINITE_RECURSION = YES;
				CLANG_WARN_INT_CONVERSION = YES;
				CLANG_WARN_NON_LITERAL_NULL_CONVERSION = YES;
				CLANG_WARN_OBJC_IMPLICIT_RETAIN_SELF = YES;
				CLANG_WARN_OBJC_LITERAL_CONVERSION = YES;
				CLANG_WARN_OBJC_ROOT_CLASS = YES_ERROR;
				CLANG_WARN_QUOTED_INCLUDE_IN_FRAMEWORK_HEADER = YES;
				CLANG_WARN_RANGE_LOOP_ANALYSIS = YES;
				CLANG_WARN_STRICT_PROTOTYPES = YES;
				CLANG_WARN_SUSPICIOUS_MOVE = YES;
				CLANG_WARN_UNGUARDED_AVAILABILITY = YES_AGGRESSIVE;
				CLANG_WARN_UNREACHABLE_CODE = YES;
				CLANG_WARN__DUPLICATE_METHOD_MATCH = YES;
				COPY_PHASE_STRIP = NO;
				DEBUG_INFORMATION_FORMAT = "dwarf-with-dsym";
				ENABLE_NS_ASSERTIONS = NO;
				ENABLE_STRICT_OBJC_MSGSEND = YES;
				GCC_C_LANGUAGE_STANDARD = gnu11;
				GCC_NO_COMMON_BLOCKS = YES;
				GCC_WARN_64_TO_32_BIT_CONVERSION = YES;
				GCC_WARN_ABOUT_RETURN_TYPE = YES_ERROR;
				GCC_WARN_UNDECLARED_SELECTOR = YES;
				GCC_WARN_UNINITIALIZED_AUTOS = YES_AGGRESSIVE;
				GCC_WARN_UNUSED_FUNCTION = YES;
				GCC_WARN_UNUSED_VARIABLE = YES;
				IPHONEOS_DEPLOYMENT_TARGET = 15.2;
				MTL_ENABLE_DEBUG_INFO = NO;
				MTL_FAST_MATH = YES;
				SDKROOT = iphoneos;
				SWIFT_COMPILATION_MODE = wholemodule;
				SWIFT_OPTIMIZATION_LEVEL = "-O";
				VALIDATE_PRODUCT = YES;
			};
			name = Release;
		};
		5F35E53F27C5594D00A44C71 /* Debug */ = {
			isa = XCBuildConfiguration;
			buildSettings = {
				ASSETCATALOG_COMPILER_APPICON_NAME = AppIcon;
				ASSETCATALOG_COMPILER_GLOBAL_ACCENT_COLOR_NAME = AccentColor;
				CODE_SIGN_STYLE = Automatic;
				CURRENT_PROJECT_VERSION = 1;
				DEVELOPMENT_TEAM = SLQ3BB6947;
				GENERATE_INFOPLIST_FILE = YES;
				INFOPLIST_FILE = RickAndMorty/SupportingFiles/Info.plist;
				INFOPLIST_KEY_UIApplicationSupportsIndirectInputEvents = YES;
				INFOPLIST_KEY_UILaunchStoryboardName = LaunchScreen;
				INFOPLIST_KEY_UIMainStoryboardFile = Main;
				INFOPLIST_KEY_UISupportedInterfaceOrientations_iPad = "UIInterfaceOrientationPortrait UIInterfaceOrientationPortraitUpsideDown UIInterfaceOrientationLandscapeLeft UIInterfaceOrientationLandscapeRight";
				INFOPLIST_KEY_UISupportedInterfaceOrientations_iPhone = "UIInterfaceOrientationPortrait UIInterfaceOrientationLandscapeLeft UIInterfaceOrientationLandscapeRight";
				LD_RUNPATH_SEARCH_PATHS = (
					"$(inherited)",
					"@executable_path/Frameworks",
				);
				MARKETING_VERSION = 1.0;
				PRODUCT_BUNDLE_IDENTIFIER = com.dmitry.RickAndMorty;
				PRODUCT_NAME = "$(TARGET_NAME)";
				SWIFT_EMIT_LOC_STRINGS = YES;
				SWIFT_VERSION = 5.0;
				TARGETED_DEVICE_FAMILY = "1,2";
			};
			name = Debug;
		};
		5F35E54027C5594D00A44C71 /* Release */ = {
			isa = XCBuildConfiguration;
			buildSettings = {
				ASSETCATALOG_COMPILER_APPICON_NAME = AppIcon;
				ASSETCATALOG_COMPILER_GLOBAL_ACCENT_COLOR_NAME = AccentColor;
				CODE_SIGN_STYLE = Automatic;
				CURRENT_PROJECT_VERSION = 1;
				DEVELOPMENT_TEAM = SLQ3BB6947;
				GENERATE_INFOPLIST_FILE = YES;
				INFOPLIST_FILE = RickAndMorty/SupportingFiles/Info.plist;
				INFOPLIST_KEY_UIApplicationSupportsIndirectInputEvents = YES;
				INFOPLIST_KEY_UILaunchStoryboardName = LaunchScreen;
				INFOPLIST_KEY_UIMainStoryboardFile = Main;
				INFOPLIST_KEY_UISupportedInterfaceOrientations_iPad = "UIInterfaceOrientationPortrait UIInterfaceOrientationPortraitUpsideDown UIInterfaceOrientationLandscapeLeft UIInterfaceOrientationLandscapeRight";
				INFOPLIST_KEY_UISupportedInterfaceOrientations_iPhone = "UIInterfaceOrientationPortrait UIInterfaceOrientationLandscapeLeft UIInterfaceOrientationLandscapeRight";
				LD_RUNPATH_SEARCH_PATHS = (
					"$(inherited)",
					"@executable_path/Frameworks",
				);
				MARKETING_VERSION = 1.0;
				PRODUCT_BUNDLE_IDENTIFIER = com.dmitry.RickAndMorty;
				PRODUCT_NAME = "$(TARGET_NAME)";
				SWIFT_EMIT_LOC_STRINGS = YES;
				SWIFT_VERSION = 5.0;
				TARGETED_DEVICE_FAMILY = "1,2";
			};
			name = Release;
		};
/* End XCBuildConfiguration section */

/* Begin XCConfigurationList section */
		5F35E52527C5594B00A44C71 /* Build configuration list for PBXProject "RickAndMorty" */ = {
			isa = XCConfigurationList;
			buildConfigurations = (
				5F35E53C27C5594D00A44C71 /* Debug */,
				5F35E53D27C5594D00A44C71 /* Release */,
			);
			defaultConfigurationIsVisible = 0;
			defaultConfigurationName = Release;
		};
		5F35E53E27C5594D00A44C71 /* Build configuration list for PBXNativeTarget "RickAndMorty" */ = {
			isa = XCConfigurationList;
			buildConfigurations = (
				5F35E53F27C5594D00A44C71 /* Debug */,
				5F35E54027C5594D00A44C71 /* Release */,
			);
			defaultConfigurationIsVisible = 0;
			defaultConfigurationName = Release;
		};
/* End XCConfigurationList section */
	};
	rootObject = 5F35E52227C5594B00A44C71 /* Project object */;
}
